
Microsoft Visual Studio Solution File, Format Version 12.00
# Visual Studio Version 16
VisualStudioVersion = 16.0.33027.164
MinimumVisualStudioVersion = 10.0.40219.1
Project("{FAE04EC0-301F-11D3-BF4B-00C04F79EFBC}") = "ChangeTimestamp", "ChangeTimestamp\ChangeTimestamp.csproj", "{D114E96D-3EF0-4F82-83E9-E604A30980A2}"
EndProject
Global
	GlobalSection(SolutionConfigurationPlatforms) = preSolution
		Debug|Any CPU = Debug|Any CPU
		Release|Any CPU = Release|Any CPU
	EndGlobalSection
	GlobalSection(ProjectConfigurationPlatforms) = postSolution
		{D114E96D-3EF0-4F82-83E9-E604A30980A2}.Debug|Any CPU.ActiveCfg = Debug|Any CPU
		{D114E96D-3EF0-4F82-83E9-E604A30980A2}.Debug|Any CPU.Build.0 = Debug|Any CPU
		{D114E96D-3EF0-4F82-83E9-E604A30980A2}.Release|Any CPU.ActiveCfg = Release|Any CPU
		{D114E96D-3EF0-4F82-83E9-E604A30980A2}.Release|Any CPU.Build.0 = Release|Any CPU
	EndGlobalSection
	GlobalSection(SolutionProperties) = preSolution
		HideSolutionNode = FALSE
	EndGlobalSection
	GlobalSection(ExtensibilityGlobals) = postSolution
		SolutionGuid = {F69342B7-C2CD-48B2-840A-4151A5F34B94}
	EndGlobalSection
EndGlobal
